// !$*UTF8*$!
{
	archiveVersion = 1;
	classes = {
	};
	objectVersion = 46;
	objects = {

/* Begin PBXBuildFile section */
		7363265F1D86C832008CE2DA /* main.m in Sources */ = {isa = PBXBuildFile; fileRef = 7363265E1D86C832008CE2DA /* main.m */; };
		736326621D86C832008CE2DA /* AppDelegate.m in Sources */ = {isa = PBXBuildFile; fileRef = 736326611D86C832008CE2DA /* AppDelegate.m */; };
		736326651D86C832008CE2DA /* ViewController.m in Sources */ = {isa = PBXBuildFile; fileRef = 736326641D86C832008CE2DA /* ViewController.m */; };
		736326681D86C832008CE2DA /* Main.storyboard in Resources */ = {isa = PBXBuildFile; fileRef = 736326661D86C832008CE2DA /* Main.storyboard */; };
		7363266A1D86C832008CE2DA /* Assets.xcassets in Resources */ = {isa = PBXBuildFile; fileRef = 736326691D86C832008CE2DA /* Assets.xcassets */; };
		7363266D1D86C832008CE2DA /* LaunchScreen.storyboard in Resources */ = {isa = PBXBuildFile; fileRef = 7363266B1D86C832008CE2DA /* LaunchScreen.storyboard */; };
		736326791D86C843008CE2DA /* ZXZDatePicker.m in Sources */ = {isa = PBXBuildFile; fileRef = 736326761D86C843008CE2DA /* ZXZDatePicker.m */; };
		7363267A1D86C843008CE2DA /* ZXZPickerView.m in Sources */ = {isa = PBXBuildFile; fileRef = 736326781D86C843008CE2DA /* ZXZPickerView.m */; };
/* End PBXBuildFile section */

/* Begin PBXFileReference section */
		7363265A1D86C832008CE2DA /* ZXZPickerView-Demo.app */ = {isa = PBXFileReference; explicitFileType = wrapper.application; includeInIndex = 0; path = "ZXZPickerView-Demo.app"; sourceTree = BUILT_PRODUCTS_DIR; };
		7363265E1D86C832008CE2DA /* main.m */ = {isa = PBXFileReference; lastKnownFileType = sourcecode.c.objc; path = main.m; sourceTree = "<group>"; };
		736326601D86C832008CE2DA /* AppDelegate.h */ = {isa = PBXFileReference; lastKnownFileType = sourcecode.c.h; path = AppDelegate.h; sourceTree = "<group>"; };
		736326611D86C832008CE2DA /* AppDelegate.m */ = {isa = PBXFileReference; lastKnownFileType = sourcecode.c.objc; path = AppDelegate.m; sourceTree = "<group>"; };
		736326631D86C832008CE2DA /* ViewController.h */ = {isa = PBXFileReference; lastKnownFileType = sourcecode.c.h; path = ViewController.h; sourceTree = "<group>"; };
		736326641D86C832008CE2DA /* ViewController.m */ = {isa = PBXFileReference; lastKnownFileType = sourcecode.c.objc; path = ViewController.m; sourceTree = "<group>"; };
		736326671D86C832008CE2DA /* Base */ = {isa = PBXFileReference; lastKnownFileType = file.storyboard; name = Base; path = Base.lproj/Main.storyboard; sourceTree = "<group>"; };
		736326691D86C832008CE2DA /* Assets.xcassets */ = {isa = PBXFileReference; lastKnownFileType = folder.assetcatalog; path = Assets.xcassets; sourceTree = "<group>"; };
		7363266C1D86C832008CE2DA /* Base */ = {isa = PBXFileReference; lastKnownFileType = file.storyboard; name = Base; path = Base.lproj/LaunchScreen.storyboard; sourceTree = "<group>"; };
		7363266E1D86C832008CE2DA /* Info.plist */ = {isa = PBXFileReference; lastKnownFileType = text.plist.xml; path = Info.plist; sourceTree = "<group>"; };
		736326751D86C843008CE2DA /* ZXZDatePicker.h */ = {isa = PBXFileReference; fileEncoding = 4; lastKnownFileType = sourcecode.c.h; path = ZXZDatePicker.h; sourceTree = "<group>"; };
		736326761D86C843008CE2DA /* ZXZDatePicker.m */ = {isa = PBXFileReference; fileEncoding = 4; lastKnownFileType = sourcecode.c.objc; path = ZXZDatePicker.m; sourceTree = "<group>"; };
		736326771D86C843008CE2DA /* ZXZPickerView.h */ = {isa = PBXFileReference; fileEncoding = 4; lastKnownFileType = sourcecode.c.h; path = ZXZPickerView.h; sourceTree = "<group>"; };
		736326781D86C843008CE2DA /* ZXZPickerView.m */ = {isa = PBXFileReference; fileEncoding = 4; lastKnownFileType = sourcecode.c.objc; path = ZXZPickerView.m; sourceTree = "<group>"; };
/* End PBXFileReference section */

/* Begin PBXFrameworksBuildPhase section */
		736326571D86C832008CE2DA /* Frameworks */ = {
			isa = PBXFrameworksBuildPhase;
			buildActionMask = 2147483647;
			files = (
			);
			runOnlyForDeploymentPostprocessing = 0;
		};
/* End PBXFrameworksBuildPhase section */

/* Begin PBXGroup section */
		736326511D86C832008CE2DA = {
			isa = PBXGroup;
			children = (
				7363265C1D86C832008CE2DA /* ZXZPickerView-Demo */,
				7363265B1D86C832008CE2DA /* Products */,
			);
			sourceTree = "<group>";
		};
		7363265B1D86C832008CE2DA /* Products */ = {
			isa = PBXGroup;
			children = (
				7363265A1D86C832008CE2DA /* ZXZPickerView-Demo.app */,
			);
			name = Products;
			sourceTree = "<group>";
		};
		7363265C1D86C832008CE2DA /* ZXZPickerView-Demo */ = {
			isa = PBXGroup;
			children = (
				736326741D86C843008CE2DA /* ZXZPickerView */,
				736326601D86C832008CE2DA /* AppDelegate.h */,
				736326611D86C832008CE2DA /* AppDelegate.m */,
				736326631D86C832008CE2DA /* ViewController.h */,
				736326641D86C832008CE2DA /* ViewController.m */,
				736326661D86C832008CE2DA /* Main.storyboard */,
				736326691D86C832008CE2DA /* Assets.xcassets */,
				7363266B1D86C832008CE2DA /* LaunchScreen.storyboard */,
				7363266E1D86C832008CE2DA /* Info.plist */,
				7363265D1D86C832008CE2DA /* Supporting Files */,
			);
			path = "ZXZPickerView-Demo";
			sourceTree = "<group>";
		};
		7363265D1D86C832008CE2DA /* Supporting Files */ = {
			isa = PBXGroup;
			children = (
				7363265E1D86C832008CE2DA /* main.m */,
			);
			name = "Supporting Files";
			sourceTree = "<group>";
		};
		736326741D86C843008CE2DA /* ZXZPickerView */ = {
			isa = PBXGroup;
			children = (
				736326751D86C843008CE2DA /* ZXZDatePicker.h */,
				736326761D86C843008CE2DA /* ZXZDatePicker.m */,
				736326771D86C843008CE2DA /* ZXZPickerView.h */,
				736326781D86C843008CE2DA /* ZXZPickerView.m */,
			);
			path = ZXZPickerView;
			sourceTree = "<group>";
		};
/* End PBXGroup section */

/* Begin PBXNativeTarget section */
		736326591D86C832008CE2DA /* ZXZPickerView-Demo */ = {
			isa = PBXNativeTarget;
			buildConfigurationList = 736326711D86C832008CE2DA /* Build configuration list for PBXNativeTarget "ZXZPickerView-Demo" */;
			buildPhases = (
				736326561D86C832008CE2DA /* Sources */,
				736326571D86C832008CE2DA /* Frameworks */,
				736326581D86C832008CE2DA /* Resources */,
			);
			buildRules = (
			);
			dependencies = (
			);
			name = "ZXZPickerView-Demo";
			productName = "ZXZPickerView-Demo";
			productReference = 7363265A1D86C832008CE2DA /* ZXZPickerView-Demo.app */;
			productType = "com.apple.product-type.application";
		};
/* End PBXNativeTarget section */

/* Begin PBXProject section */
		736326521D86C832008CE2DA /* Project object */ = {
			isa = PBXProject;
			attributes = {
				LastUpgradeCheck = 0730;
				ORGANIZATIONNAME = AAA;
				TargetAttributes = {
					736326591D86C832008CE2DA = {
						CreatedOnToolsVersion = 7.3.1;
					};
				};
			};
			buildConfigurationList = 736326551D86C832008CE2DA /* Build configuration list for PBXProject "ZXZPickerView-Demo" */;
			compatibilityVersion = "Xcode 3.2";
			developmentRegion = English;
			hasScannedForEncodings = 0;
			knownRegions = (
				en,
				Base,
			);
			mainGroup = 736326511D86C832008CE2DA;
			productRefGroup = 7363265B1D86C832008CE2DA /* Products */;
			projectDirPath = "";
			projectRoot = "";
			targets = (
				736326591D86C832008CE2DA /* ZXZPickerView-Demo */,
			);
		};
/* End PBXProject section */

/* Begin PBXResourcesBuildPhase section */
		736326581D86C832008CE2DA /* Resources */ = {
			isa = PBXResourcesBuildPhase;
			buildActionMask = 2147483647;
			files = (
				7363266D1D86C832008CE2DA /* LaunchScreen.storyboard in Resources */,
				7363266A1D86C832008CE2DA /* Assets.xcassets in Resources */,
				736326681D86C832008CE2DA /* Main.storyboard in Resources */,
			);
			runOnlyForDeploymentPostprocessing = 0;
		};
/* End PBXResourcesBuildPhase section */

/* Begin PBXSourcesBuildPhase section */
		736326561D86C832008CE2DA /* Sources */ = {
			isa = PBXSourcesBuildPhase;
			buildActionMask = 2147483647;
			files = (
				7363267A1D86C843008CE2DA /* ZXZPickerView.m in Sources */,
				736326651D86C832008CE2DA /* ViewController.m in Sources */,
				736326621D86C832008CE2DA /* AppDelegate.m in Sources */,
				736326791D86C843008CE2DA /* ZXZDatePicker.m in Sources */,
				7363265F1D86C832008CE2DA /* main.m in Sources */,
			);
			runOnlyForDeploymentPostprocessing = 0;
		};
/* End PBXSourcesBuildPhase section */

/* Begin PBXVariantGroup section */
		736326661D86C832008CE2DA /* Main.storyboard */ = {
			isa = PBXVariantGroup;
			children = (
				736326671D86C832008CE2DA /* Base */,
			);
			name = Main.storyboard;
			sourceTree = "<group>";
		};
		7363266B1D86C832008CE2DA /* LaunchScreen.storyboard */ = {
			isa = PBXVariantGroup;
			children = (
				7363266C1D86C832008CE2DA /* Base */,
			);
			name = LaunchScreen.storyboard;
			sourceTree = "<group>";
		};
/* End PBXVariantGroup section */

/* Begin XCBuildConfiguration section */
		7363266F1D86C832008CE2DA /* Debug */ = {
			isa = XCBuildConfiguration;
			buildSettings = {
				ALWAYS_SEARCH_USER_PATHS = NO;
				CLANG_ANALYZER_NONNULL = YES;
				CLANG_CXX_LANGUAGE_STANDARD = "gnu++0x";
				CLANG_CXX_LIBRARY = "libc++";
				CLANG_ENABLE_MODULES = YES;
				CLANG_ENABLE_OBJC_ARC = YES;
				CLANG_WARN_BOOL_CONVERSION = YES;
				CLANG_WARN_CONSTANT_CONVERSION = YES;
				CLANG_WARN_DIRECT_OBJC_ISA_USAGE = YES_ERROR;
				CLANG_WARN_EMPTY_BODY = YES;
				CLANG_WARN_ENUM_CONVERSION = YES;
				CLANG_WARN_INT_CONVERSION = YES;
				CLANG_WARN_OBJC_ROOT_CLASS = YES_ERROR;
				CLANG_WARN_UNREACHABLE_CODE = YES;
				CLANG_WARN__DUPLICATE_METHOD_MATCH = YES;
				"CODE_SIGN_IDENTITY[sdk=iphoneos*]" = "iPhone Developer";
				COPY_PHASE_STRIP = NO;
				DEBUG_INFORMATION_FORMAT = dwarf;
				ENABLE_STRICT_OBJC_MSGSEND = YES;
				ENABLE_TESTABILITY = YES;
				GCC_C_LANGUAGE_STANDARD = gnu99;
				GCC_DYNAMIC_NO_PIC = NO;
				GCC_NO_COMMON_BLOCKS = YES;
				GCC_OPTIMIZATION_LEVEL = 0;
				GCC_PREPROCESSOR_DEFINITIONS = (
					"DEBUG=1",
					"$(inherited)",
				);
				GCC_WARN_64_TO_32_BIT_CONVERSION = YES;
				GCC_WARN_ABOUT_RETURN_TYPE = YES_ERROR;
				GCC_WARN_UNDECLARED_SELECTOR = YES;
				GCC_WARN_UNINITIALIZED_AUTOS = YES_AGGRESSIVE;
				GCC_WARN_UNUSED_FUNCTION = YES;
				GCC_WARN_UNUSED_VARIABLE = YES;
				IPHONEOS_DEPLOYMENT_TARGET = 9.3;
				MTL_ENABLE_DEBUG_INFO = YES;
				ONLY_ACTIVE_ARCH = YES;
				SDKROOT = iphoneos;
			};
			name = Debug;
		};
		736326701D86C832008CE2DA /* Release */ = {
			isa = XCBuildConfiguration;
			buildSettings = {
				ALWAYS_SEARCH_USER_PATHS = NO;
				CLANG_ANALYZER_NONNULL = YES;
				CLANG_CXX_LANGUAGE_STANDARD = "gnu++0x";
				CLANG_CXX_LIBRARY = "libc++";
				CLANG_ENABLE_MODULES = YES;
				CLANG_ENABLE_OBJC_ARC = YES;
				CLANG_WARN_BOOL_CONVERSION = YES;
				CLANG_WARN_CONSTANT_CONVERSION = YES;
				CLANG_WARN_DIRECT_OBJC_ISA_USAGE = YES_ERROR;
				CLANG_WARN_EMPTY_BODY = YES;
				CLANG_WARN_ENUM_CONVERSION = YES;
				CLANG_WARN_INT_CONVERSION = YES;
				CLANG_WARN_OBJC_ROOT_CLASS = YES_ERROR;
				CLANG_WARN_UNREACHABLE_CODE = YES;
				CLANG_WARN__DUPLICATE_METHOD_MATCH = YES;
				"CODE_SIGN_IDENTITY[sdk=iphoneos*]" = "iPhone Developer";
				COPY_PHASE_STRIP = NO;
				DEBUG_INFORMATION_FORMAT = "dwarf-with-dsym";
				ENABLE_NS_ASSERTIONS = NO;
				ENABLE_STRICT_OBJC_MSGSEND = YES;
				GCC_C_LANGUAGE_STANDARD = gnu99;
				GCC_NO_COMMON_BLOCKS = YES;
				GCC_WARN_64_TO_32_BIT_CONVERSION = YES;
				GCC_WARN_ABOUT_RETURN_TYPE = YES_ERROR;
				GCC_WARN_UNDECLARED_SELECTOR = YES;
				GCC_WARN_UNINITIALIZED_AUTOS = YES_AGGRESSIVE;
				GCC_WARN_UNUSED_FUNCTION = YES;
				GCC_WARN_UNUSED_VARIABLE = YES;
				IPHONEOS_DEPLOYMENT_TARGET = 9.3;
				MTL_ENABLE_DEBUG_INFO = NO;
				SDKROOT = iphoneos;
				VALIDATE_PRODUCT = YES;
			};
			name = Release;
		};
		736326721D86C832008CE2DA /* Debug */ = {
			isa = XCBuildConfiguration;
			buildSettings = {
				ASSETCATALOG_COMPILER_APPICON_NAME = AppIcon;
				INFOPLIST_FILE = "ZXZPickerView-Demo/Info.plist";
				LD_RUNPATH_SEARCH_PATHS = "$(inherited) @executable_path/Frameworks";
				PRODUCT_BUNDLE_IDENTIFIER = "www.zxz.com.ZXZPickerView-Demo";
				PRODUCT_NAME = "$(TARGET_NAME)";
			};
			name = Debug;
		};
		736326731D86C832008CE2DA /* Release */ = {
			isa = XCBuildConfiguration;
			buildSettings = {
				ASSETCATALOG_COMPILER_APPICON_NAME = AppIcon;
				INFOPLIST_FILE = "ZXZPickerView-Demo/Info.plist";
				LD_RUNPATH_SEARCH_PATHS = "$(inherited) @executable_path/Frameworks";
				PRODUCT_BUNDLE_IDENTIFIER = "www.zxz.com.ZXZPickerView-Demo";
				PRODUCT_NAME = "$(TARGET_NAME)";
			};
			name = Release;
		};
/* End XCBuildConfiguration section */

/* Begin XCConfigurationList section */
		736326551D86C832008CE2DA /* Build configuration list for PBXProject "ZXZPickerView-Demo" */ = {
			isa = XCConfigurationList;
			buildConfigurations = (
				7363266F1D86C832008CE2DA /* Debug */,
				736326701D86C832008CE2DA /* Release */,
			);
			defaultConfigurationIsVisible = 0;
			defaultConfigurationName = Release;
		};
		736326711D86C832008CE2DA /* Build configuration list for PBXNativeTarget "ZXZPickerView-Demo" */ = {
			isa = XCConfigurationList;
			buildConfigurations = (
				736326721D86C832008CE2DA /* Debug */,
				736326731D86C832008CE2DA /* Release */,
			);
			defaultConfigurationIsVisible = 0;
		};
/* End XCConfigurationList section */
	};
	rootObject = 736326521D86C832008CE2DA /* Project object */;
}
